PODS:
  - BreadCrumbHeaders (0.1.0)

DEPENDENCIES:
  - BreadCrumbHeaders (from `../`)

EXTERNAL SOURCES:
  BreadCrumbHeaders:
    :path: "../"

SPEC CHECKSUMS:
  BreadCrumbHeaders: af1c8e77eb35a4a17b57e05d55236203a47130ad

PODFILE CHECKSUM: b0aa8ddf7d3d3ad5fc645808be604cefb51f3103

COCOAPODS: 1.5.3
