PODS:
  - BreadCrumbHeaders (1.0.1)

DEPENDENCIES:
  - BreadCrumbHeaders (from `../`)

EXTERNAL SOURCES:
  BreadCrumbHeaders:
    :path: "../"

SPEC CHECKSUMS:
  BreadCrumbHeaders: 74c107db832f8be41299cdb1c5d75c164bdcb79d

PODFILE CHECKSUM: b0aa8ddf7d3d3ad5fc645808be604cefb51f3103

COCOAPODS: 1.7.1
