PODS:
  - BreadCrumbHeaders (0.1.0)

DEPENDENCIES:
  - BreadCrumbHeaders (from `../`)

EXTERNAL SOURCES:
  BreadCrumbHeaders:
    :path: "../"

SPEC CHECKSUMS:
  BreadCrumbHeaders: 51e6a0b8c5e72b1acd51c312880ba714f4dc93dd

PODFILE CHECKSUM: b0aa8ddf7d3d3ad5fc645808be604cefb51f3103

COCOAPODS: 1.5.0
